
Microsoft Visual Studio Solution File, Format Version 12.00
# Visual Studio Version 16
VisualStudioVersion = 16.0.29728.190
MinimumVisualStudioVersion = 10.0.40219.1
Project("{FAE04EC0-301F-11D3-BF4B-00C04F79EFBC}") = "MyVet.Common", "MyVet.Common\MyVet.Common.csproj", "{BBF01226-69F3-4B83-A68F-073E9476FC33}"
EndProject
Project("{FAE04EC0-301F-11D3-BF4B-00C04F79EFBC}") = "MyVet.Web", "MyVet.Web\MyVet.Web.csproj", "{261BE57F-2E30-4DCE-9DCF-FBDAA839A208}"
EndProject
Global
	GlobalSection(SolutionConfigurationPlatforms) = preSolution
		Debug|Any CPU = Debug|Any CPU
		Release|Any CPU = Release|Any CPU
	EndGlobalSection
	GlobalSection(ProjectConfigurationPlatforms) = postSolution
		{BBF01226-69F3-4B83-A68F-073E9476FC33}.Debug|Any CPU.ActiveCfg = Debug|Any CPU
		{BBF01226-69F3-4B83-A68F-073E9476FC33}.Debug|Any CPU.Build.0 = Debug|Any CPU
		{BBF01226-69F3-4B83-A68F-073E9476FC33}.Release|Any CPU.ActiveCfg = Release|Any CPU
		{BBF01226-69F3-4B83-A68F-073E9476FC33}.Release|Any CPU.Build.0 = Release|Any CPU
		{261BE57F-2E30-4DCE-9DCF-FBDAA839A208}.Debug|Any CPU.ActiveCfg = Debug|Any CPU
		{261BE57F-2E30-4DCE-9DCF-FBDAA839A208}.Debug|Any CPU.Build.0 = Debug|Any CPU
		{261BE57F-2E30-4DCE-9DCF-FBDAA839A208}.Release|Any CPU.ActiveCfg = Release|Any CPU
		{261BE57F-2E30-4DCE-9DCF-FBDAA839A208}.Release|Any CPU.Build.0 = Release|Any CPU
	EndGlobalSection
	GlobalSection(SolutionProperties) = preSolution
		HideSolutionNode = FALSE
	EndGlobalSection
	GlobalSection(ExtensibilityGlobals) = postSolution
		SolutionGuid = {FC9E806C-B1D9-4063-AF30-B292AE0FA571}
	EndGlobalSection
EndGlobal
